
Microsoft Visual Studio Solution File, Format Version 12.00
# Visual Studio 15
VisualStudioVersion = 15.0.27703.2042
MinimumVisualStudioVersion = 10.0.40219.1
Project("{9A19103F-16F7-4668-BE54-9A1E7A4F7556}") = "tracking", "tracking.csproj", "{B60CCFE4-12EC-4FAF-8DC4-88AC7ED3A840}"
EndProject
Global
	GlobalSection(SolutionConfigurationPlatforms) = preSolution
		Debug|Any CPU = Debug|Any CPU
		Release|Any CPU = Release|Any CPU
	EndGlobalSection
	GlobalSection(ProjectConfigurationPlatforms) = postSolution
		{B60CCFE4-12EC-4FAF-8DC4-88AC7ED3A840}.Debug|Any CPU.ActiveCfg = Debug|Any CPU
		{B60CCFE4-12EC-4FAF-8DC4-88AC7ED3A840}.Debug|Any CPU.Build.0 = Debug|Any CPU
		{B60CCFE4-12EC-4FAF-8DC4-88AC7ED3A840}.Release|Any CPU.ActiveCfg = Release|Any CPU
		{B60CCFE4-12EC-4FAF-8DC4-88AC7ED3A840}.Release|Any CPU.Build.0 = Release|Any CPU
	EndGlobalSection
	GlobalSection(SolutionProperties) = preSolution
		HideSolutionNode = FALSE
	EndGlobalSection
	GlobalSection(ExtensibilityGlobals) = postSolution
		SolutionGuid = {63358D30-EC1E-42BC-B57C-A57367D71D9A}
	EndGlobalSection
EndGlobal
